{
  "nodes": {
    "nixpkgs": {
      "locked": {
        "lastModified": 1710363446,
        "narHash": "sha256-Nwd6MQvRejZzt6oiEKyRSSfCfSC59HctuBdMXKh/wCY=",
        "owner": "NixOS",
        "repo": "nixpkgs",
        "rev": "f4fabca654617df743567f1e2bb01e36cb12d6d9",
        "type": "github"
      },
      "original": {
        "owner": "NixOS",
        "repo": "nixpkgs",
        "type": "github"
      }
    },
    "root": {
      "inputs": {
        "nixpkgs": "nixpkgs"
      }
    }
  },
  "root": "root",
  "version": 7
}
